{
  "nodes": {
    "agenix": {
      "inputs": {
        "darwin": "darwin",
        "home-manager": "home-manager",
        "nixpkgs": [
          "nixpkgs"
        ]
      },
      "locked": {
        "lastModified": 1696775529,
        "narHash": "sha256-TYlE4B0ktPtlJJF9IFxTWrEeq+XKG8Ny0gc2FGEAdj0=",
        "owner": "ryantm",
        "repo": "agenix",
        "rev": "daf42cb35b2dc614d1551e37f96406e4c4a2d3e4",
        "type": "github"
      },
      "original": {
        "owner": "ryantm",
        "repo": "agenix",
        "type": "github"
      }
    },
    "darwin": {
      "inputs": {
        "nixpkgs": [
          "agenix",
          "nixpkgs"
        ]
      },
      "locked": {
        "lastModified": 1673295039,
        "narHash": "sha256-AsdYgE8/GPwcelGgrntlijMg4t3hLFJFCRF3tL5WVjA=",
        "owner": "lnl7",
        "repo": "nix-darwin",
        "rev": "87b9d090ad39b25b2400029c64825fc2a8868943",
        "type": "github"
      },
      "original": {
        "owner": "lnl7",
        "ref": "master",
        "repo": "nix-darwin",
        "type": "github"
      }
    },
    "disko": {
      "inputs": {
        "nixpkgs": "nixpkgs"
      },
      "locked": {
        "lastModified": 1695039393,
        "narHash": "sha256-HXvRPTSfQ/fCqxYGvWOc1duSBdXcQlrYvyno8YZbyHI=",
        "rev": "9f29cedac79d0acf07b6341f9112f46dec3abb8f",
        "revCount": 656,
        "type": "tarball",
        "url": "https://api.flakehub.com/f/pinned/nix-community/disko/1.1.0/018aae81-3f06-7bf9-bc72-7b51d593e85c/source.tar.gz"
      },
      "original": {
        "type": "tarball",
        "url": "https://flakehub.com/f/nix-community/disko/1.1.0.tar.gz"
      }
    },
    "home-manager": {
      "inputs": {
        "nixpkgs": [
          "agenix",
          "nixpkgs"
        ]
      },
      "locked": {
        "lastModified": 1682203081,
        "narHash": "sha256-kRL4ejWDhi0zph/FpebFYhzqlOBrk0Pl3dzGEKSAlEw=",
        "owner": "nix-community",
        "repo": "home-manager",
        "rev": "32d3e39c491e2f91152c84f8ad8b003420eab0a1",
        "type": "github"
      },
      "original": {
        "owner": "nix-community",
        "repo": "home-manager",
        "type": "github"
      }
    },
    "home-manager_2": {
      "inputs": {
        "nixpkgs": [
          "nixpkgs"
        ]
      },
      "locked": {
        "lastModified": 1698795315,
        "narHash": "sha256-fF5ScAWLMHXOuqsbLSG137kS1D+gr9JPtm4H2c4yBbU=",
        "owner": "nix-community",
        "repo": "home-manager",
        "rev": "9bc7d84b8213255ecd5eb6299afdb77c36ece71d",
        "type": "github"
      },
      "original": {
        "owner": "nix-community",
        "repo": "home-manager",
        "type": "github"
      }
    },
    "impermanence": {
      "locked": {
        "lastModified": 1697303681,
        "narHash": "sha256-caJ0rXeagaih+xTgRduYtYKL1rZ9ylh06CIrt1w5B4g=",
        "owner": "nix-community",
        "repo": "impermanence",
        "rev": "0f317c2e9e56550ce12323eb39302d251618f5b5",
        "type": "github"
      },
      "original": {
        "owner": "nix-community",
        "repo": "impermanence",
        "type": "github"
      }
    },
    "nix-darwin": {
      "inputs": {
        "nixpkgs": [
          "nixpkgs"
        ]
      },
      "locked": {
        "lastModified": 1698429334,
        "narHash": "sha256-Gq3+QabboczSu7RMpcy79RSLMSqnySO3wsnHQk4DfbE=",
        "owner": "LnL7",
        "repo": "nix-darwin",
        "rev": "afe83cbc2e673b1f08d32dd0f70df599678ff1e7",
        "type": "github"
      },
      "original": {
        "owner": "LnL7",
        "ref": "master",
        "repo": "nix-darwin",
        "type": "github"
      }
    },
    "nixos-hardware": {
      "locked": {
        "lastModified": 1698053470,
        "narHash": "sha256-sP8D/41UiwC2qn0X40oi+DfuVzNHMROqIWdSdCI/AYA=",
        "owner": "NixOS",
        "repo": "nixos-hardware",
        "rev": "80d98a7d55c6e27954a166cb583a41325e9512d7",
        "type": "github"
      },
      "original": {
        "owner": "NixOS",
        "ref": "master",
        "repo": "nixos-hardware",
        "type": "github"
      }
    },
    "nixpkgs": {
      "locked": {
        "lastModified": 1694948089,
        "narHash": "sha256-d2B282GmQ9o8klc22/Rbbbj6r99EnELQpOQjWMyv0rU=",
        "owner": "NixOS",
        "repo": "nixpkgs",
        "rev": "5148520bfab61f99fd25fb9ff7bfbb50dad3c9db",
        "type": "github"
      },
      "original": {
        "owner": "NixOS",
        "ref": "nixpkgs-unstable",
        "repo": "nixpkgs",
        "type": "github"
      }
    },
    "nixpkgs-stable": {
      "locked": {
        "lastModified": 1698562188,
        "narHash": "sha256-9nkxGnA/T+jLhHAMFRW157Qi/zfbf5dF1q7HfKROl3o=",
        "rev": "3e10c80821dedb93592682379f476745f370a58e",
        "revCount": 491967,
        "type": "tarball",
        "url": "https://api.flakehub.com/f/pinned/NixOS/nixpkgs/0.2305.491967%2Brev-3e10c80821dedb93592682379f476745f370a58e/018b848f-b914-7167-aaf3-382bf49ee647/source.tar.gz"
      },
      "original": {
        "type": "tarball",
        "url": "https://flakehub.com/f/NixOS/nixpkgs/%2A.tar.gz"
      }
    },
    "nixpkgs_2": {
      "locked": {
        "lastModified": 1698611440,
        "narHash": "sha256-jPjHjrerhYDy3q9+s5EAsuhyhuknNfowY6yt6pjn9pc=",
        "owner": "nixos",
        "repo": "nixpkgs",
        "rev": "0cbe9f69c234a7700596e943bfae7ef27a31b735",
        "type": "github"
      },
      "original": {
        "owner": "nixos",
        "ref": "nixos-unstable",
        "repo": "nixpkgs",
        "type": "github"
      }
    },
    "nur": {
      "locked": {
        "lastModified": 1698813212,
        "narHash": "sha256-IX/eiqDNLLyinbStYj8lix0bOZeCmvNnSjsKhPpZDEE=",
        "owner": "nix-community",
        "repo": "NUR",
        "rev": "5fbde997b7172e7e61f0e2d0a1070b1488e4b0b9",
        "type": "github"
      },
      "original": {
        "owner": "nix-community",
        "repo": "NUR",
        "type": "github"
      }
    },
    "root": {
      "inputs": {
        "agenix": "agenix",
        "disko": "disko",
        "home-manager": "home-manager_2",
        "impermanence": "impermanence",
        "nix-darwin": "nix-darwin",
        "nixos-hardware": "nixos-hardware",
        "nixpkgs": "nixpkgs_2",
        "nixpkgs-stable": "nixpkgs-stable",
        "nur": "nur"
      }
    }
  },
  "root": "root",
  "version": 7
}
